PODS:
  - Differentiator (3.1.0)
  - Flix (2.0.0):
    - RxCocoa (~> 4.3)
    - RxDataSources (~> 3.1)
    - RxSwift (~> 4.3)
  - NVActivityIndicatorView (4.4.1):
    - NVActivityIndicatorView/Presenter (= 4.4.1)
  - NVActivityIndicatorView/Presenter (4.4.1)
  - RxAtomic (4.4.0)
  - RxCocoa (4.4.0):
    - RxSwift (~> 4.0)
  - RxDataSources (3.1.0):
    - Differentiator (~> 3.0)
    - RxCocoa (~> 4.0)
    - RxSwift (~> 4.0)
  - RxSwift (4.4.0):
    - RxAtomic (~> 4.4)

DEPENDENCIES:
  - Flix (~> 2.0.0)
  - NVActivityIndicatorView (~> 4.4.1)

SPEC REPOS:
  https://github.com/cocoapods/specs.git:
    - Differentiator
    - Flix
    - NVActivityIndicatorView
    - RxAtomic
    - RxCocoa
    - RxDataSources
    - RxSwift

SPEC CHECKSUMS:
  Differentiator: be49ca3408f0ecfc761e4c7763d20c62be01b9ad
  Flix: 04392305c5fa58d2c2b75b1fd1ff523d9d860bc4
  NVActivityIndicatorView: f0a6b0ed2973d9544da268f4eb76696f0a9577b0
  RxAtomic: eacf60db868c96bfd63320e28619fe29c179656f
  RxCocoa: df63ebf7b9a70d6b4eeea407ed5dd4efc8979749
  RxDataSources: a843bad90c29817f5923ec8163f4af2de084ceb3
  RxSwift: 5976ecd04fc2fefd648827c23de5e11157faa973

PODFILE CHECKSUM: 50c87a1a7bca4873c9d38514eec3df3e7328dc17

COCOAPODS: 1.5.3
